
Microsoft Visual Studio Solution File, Format Version 12.00
Project("{FAE04EC0-301F-11D3-BF4B-00C04F79EFBC}") = "ApiMockServer", "ApiMockServer\ApiMockServer.csproj", "{B373B904-BA1F-4E6F-A593-9698150EF2E7}"
EndProject
Project("{FAE04EC0-301F-11D3-BF4B-00C04F79EFBC}") = "ApiMockServer.Console", "ApiMockServer.Console\ApiMockServer.Console.csproj", "{C6B942AA-06EE-4302-ADBC-161824621004}"
EndProject
Project("{FAE04EC0-301F-11D3-BF4B-00C04F79EFBC}") = "ApiMockServer.Test", "ApiMockServer.Test\ApiMockServer.Test.csproj", "{BBC93874-B248-42A3-9D23-033995B85646}"
EndProject
Project("{FAE04EC0-301F-11D3-BF4B-00C04F79EFBC}") = "ApiConsumerService", "ApiConsumerService\ApiConsumerService.csproj", "{B995D541-3B04-4050-8FCE-B5129D18F244}"
EndProject
Global
	GlobalSection(SolutionConfigurationPlatforms) = preSolution
		Debug|Any CPU = Debug|Any CPU
		Release|Any CPU = Release|Any CPU
	EndGlobalSection
	GlobalSection(ProjectConfigurationPlatforms) = postSolution
		{B373B904-BA1F-4E6F-A593-9698150EF2E7}.Debug|Any CPU.ActiveCfg = Debug|Any CPU
		{B373B904-BA1F-4E6F-A593-9698150EF2E7}.Debug|Any CPU.Build.0 = Debug|Any CPU
		{B373B904-BA1F-4E6F-A593-9698150EF2E7}.Release|Any CPU.ActiveCfg = Release|Any CPU
		{B373B904-BA1F-4E6F-A593-9698150EF2E7}.Release|Any CPU.Build.0 = Release|Any CPU
		{C6B942AA-06EE-4302-ADBC-161824621004}.Debug|Any CPU.ActiveCfg = Debug|Any CPU
		{C6B942AA-06EE-4302-ADBC-161824621004}.Debug|Any CPU.Build.0 = Debug|Any CPU
		{C6B942AA-06EE-4302-ADBC-161824621004}.Release|Any CPU.ActiveCfg = Release|Any CPU
		{C6B942AA-06EE-4302-ADBC-161824621004}.Release|Any CPU.Build.0 = Release|Any CPU
		{BBC93874-B248-42A3-9D23-033995B85646}.Debug|Any CPU.ActiveCfg = Debug|Any CPU
		{BBC93874-B248-42A3-9D23-033995B85646}.Debug|Any CPU.Build.0 = Debug|Any CPU
		{BBC93874-B248-42A3-9D23-033995B85646}.Release|Any CPU.ActiveCfg = Release|Any CPU
		{BBC93874-B248-42A3-9D23-033995B85646}.Release|Any CPU.Build.0 = Release|Any CPU
		{B995D541-3B04-4050-8FCE-B5129D18F244}.Debug|Any CPU.ActiveCfg = Debug|Any CPU
		{B995D541-3B04-4050-8FCE-B5129D18F244}.Debug|Any CPU.Build.0 = Debug|Any CPU
		{B995D541-3B04-4050-8FCE-B5129D18F244}.Release|Any CPU.ActiveCfg = Release|Any CPU
		{B995D541-3B04-4050-8FCE-B5129D18F244}.Release|Any CPU.Build.0 = Release|Any CPU
	EndGlobalSection
EndGlobal
